
Microsoft Visual Studio Solution File, Format Version 12.00
# Visual Studio 15
VisualStudioVersion = 15.0.26730.16
MinimumVisualStudioVersion = 10.0.40219.1
Project("{FAE04EC0-301F-11D3-BF4B-00C04F79EFBC}") = "SampleEFDBFirstProg", "SampleEFDBFirstProg\SampleEFDBFirstProg.csproj", "{74FEE56E-5677-4F71-BC06-7DF2AE56A5DF}"
EndProject
Global
	GlobalSection(SolutionConfigurationPlatforms) = preSolution
		Debug|Any CPU = Debug|Any CPU
		Release|Any CPU = Release|Any CPU
	EndGlobalSection
	GlobalSection(ProjectConfigurationPlatforms) = postSolution
		{74FEE56E-5677-4F71-BC06-7DF2AE56A5DF}.Debug|Any CPU.ActiveCfg = Debug|Any CPU
		{74FEE56E-5677-4F71-BC06-7DF2AE56A5DF}.Debug|Any CPU.Build.0 = Debug|Any CPU
		{74FEE56E-5677-4F71-BC06-7DF2AE56A5DF}.Release|Any CPU.ActiveCfg = Release|Any CPU
		{74FEE56E-5677-4F71-BC06-7DF2AE56A5DF}.Release|Any CPU.Build.0 = Release|Any CPU
	EndGlobalSection
	GlobalSection(SolutionProperties) = preSolution
		HideSolutionNode = FALSE
	EndGlobalSection
	GlobalSection(ExtensibilityGlobals) = postSolution
		SolutionGuid = {AEC9CC5D-33D4-4F39-847A-DD6FC552BEA8}
	EndGlobalSection
EndGlobal
